
Microsoft Visual Studio Solution File, Format Version 12.00
# Visual Studio Version 17
VisualStudioVersion = 17.3.32819.101
MinimumVisualStudioVersion = 10.0.40219.1
Project("{FAE04EC0-301F-11D3-BF4B-00C04F79EFBC}") = "Variables", "Variables\Variables.csproj", "{7F5A1A36-BF9C-4968-B3EF-8BA88A79F75A}"
EndProject
Global
	GlobalSection(SolutionConfigurationPlatforms) = preSolution
		Debug|Any CPU = Debug|Any CPU
		Release|Any CPU = Release|Any CPU
	EndGlobalSection
	GlobalSection(ProjectConfigurationPlatforms) = postSolution
		{7F5A1A36-BF9C-4968-B3EF-8BA88A79F75A}.Debug|Any CPU.ActiveCfg = Debug|Any CPU
		{7F5A1A36-BF9C-4968-B3EF-8BA88A79F75A}.Debug|Any CPU.Build.0 = Debug|Any CPU
		{7F5A1A36-BF9C-4968-B3EF-8BA88A79F75A}.Release|Any CPU.ActiveCfg = Release|Any CPU
		{7F5A1A36-BF9C-4968-B3EF-8BA88A79F75A}.Release|Any CPU.Build.0 = Release|Any CPU
	EndGlobalSection
	GlobalSection(SolutionProperties) = preSolution
		HideSolutionNode = FALSE
	EndGlobalSection
	GlobalSection(ExtensibilityGlobals) = postSolution
		SolutionGuid = {E78DDBD1-F2E3-4709-AF9B-6E14EA36A8C2}
	EndGlobalSection
EndGlobal
